Microsoft Visual Studio Solution File, Format Version 12.00
# Visual Studio 2012
Project("{2150E333-8FDC-42A3-9474-1A3956D46DE8}") = "Solution Items", "Solution Items", "{95C436D3-A6EA-429E-8320-8F32B2BAE9FD}"
	ProjectSection(SolutionItems) = preProject
		..\rakefile.rb = ..\rakefile.rb
	EndProjectSection
EndProject
Project("{FAE04EC0-301F-11D3-BF4B-00C04F79EFBC}") = "FubuMVC.Core.Assets", "FubuMVC.Core.Assets\FubuMVC.Core.Assets.csproj", "{33E656BD-1BB8-49C6-9D67-DEF318324152}"
EndProject
Project("{FAE04EC0-301F-11D3-BF4B-00C04F79EFBC}") = "FubuMVC.Core.Assets.Testing", "FubuMVC.Core.Assets.Testing\FubuMVC.Core.Assets.Testing.csproj", "{22424C9B-D73A-4BA5-9824-80B5E1335084}"
EndProject
Project("{FAE04EC0-301F-11D3-BF4B-00C04F79EFBC}") = "FubuMVC.Core.Assets.IntegrationTesting", "FubuMVC.Core.Assets.IntegrationTesting\FubuMVC.Core.Assets.IntegrationTesting.csproj", "{6CB0ED54-A71A-4809-B1E1-DB7E359F50D7}"
EndProject
Project("{FAE04EC0-301F-11D3-BF4B-00C04F79EFBC}") = "TestPackage1", "TestPackage1\TestPackage1.csproj", "{1F18D6EB-4D9C-407A-BD70-C5D525E377B6}"
EndProject
Global
	GlobalSection(SolutionConfigurationPlatforms) = preSolution
		Debug|Any CPU = Debug|Any CPU
		Release|Any CPU = Release|Any CPU
	EndGlobalSection
	GlobalSection(ProjectConfigurationPlatforms) = postSolution
		{33E656BD-1BB8-49C6-9D67-DEF318324152}.Debug|Any CPU.ActiveCfg = Debug|Any CPU
		{33E656BD-1BB8-49C6-9D67-DEF318324152}.Debug|Any CPU.Build.0 = Debug|Any CPU
		{33E656BD-1BB8-49C6-9D67-DEF318324152}.Release|Any CPU.ActiveCfg = Release|Any CPU
		{33E656BD-1BB8-49C6-9D67-DEF318324152}.Release|Any CPU.Build.0 = Release|Any CPU
		{22424C9B-D73A-4BA5-9824-80B5E1335084}.Debug|Any CPU.ActiveCfg = Debug|Any CPU
		{22424C9B-D73A-4BA5-9824-80B5E1335084}.Debug|Any CPU.Build.0 = Debug|Any CPU
		{22424C9B-D73A-4BA5-9824-80B5E1335084}.Release|Any CPU.ActiveCfg = Release|Any CPU
		{22424C9B-D73A-4BA5-9824-80B5E1335084}.Release|Any CPU.Build.0 = Release|Any CPU
		{6CB0ED54-A71A-4809-B1E1-DB7E359F50D7}.Debug|Any CPU.ActiveCfg = Debug|Any CPU
		{6CB0ED54-A71A-4809-B1E1-DB7E359F50D7}.Debug|Any CPU.Build.0 = Debug|Any CPU
		{6CB0ED54-A71A-4809-B1E1-DB7E359F50D7}.Release|Any CPU.ActiveCfg = Release|Any CPU
		{6CB0ED54-A71A-4809-B1E1-DB7E359F50D7}.Release|Any CPU.Build.0 = Release|Any CPU
		{1F18D6EB-4D9C-407A-BD70-C5D525E377B6}.Debug|Any CPU.ActiveCfg = Debug|Any CPU
		{1F18D6EB-4D9C-407A-BD70-C5D525E377B6}.Debug|Any CPU.Build.0 = Debug|Any CPU
		{1F18D6EB-4D9C-407A-BD70-C5D525E377B6}.Release|Any CPU.ActiveCfg = Release|Any CPU
		{1F18D6EB-4D9C-407A-BD70-C5D525E377B6}.Release|Any CPU.Build.0 = Release|Any CPU
	EndGlobalSection
	GlobalSection(SolutionProperties) = preSolution
		HideSolutionNode = FALSE
	EndGlobalSection
EndGlobal
